
Microsoft Visual Studio Solution File, Format Version 12.00
# Visual Studio Version 16
VisualStudioVersion = 16.0.31025.194
MinimumVisualStudioVersion = 10.0.40219.1
Project("{9A19103F-16F7-4668-BE54-9A1E7A4F7556}") = "SCCinemaWeb", "SCCinemaWeb.csproj", "{80933622-8E9C-43BD-9F83-FD6C3DECD236}"
EndProject
Project("{9A19103F-16F7-4668-BE54-9A1E7A4F7556}") = "SCCinamaComum", "..\SCCinamaComum\SCCinamaComum.csproj", "{3A5C6769-ADC6-430D-8505-8976FEE14576}"
EndProject
Global
	GlobalSection(SolutionConfigurationPlatforms) = preSolution
		Debug|Any CPU = Debug|Any CPU
		Release|Any CPU = Release|Any CPU
	EndGlobalSection
	GlobalSection(ProjectConfigurationPlatforms) = postSolution
		{80933622-8E9C-43BD-9F83-FD6C3DECD236}.Debug|Any CPU.ActiveCfg = Debug|Any CPU
		{80933622-8E9C-43BD-9F83-FD6C3DECD236}.Debug|Any CPU.Build.0 = Debug|Any CPU
		{80933622-8E9C-43BD-9F83-FD6C3DECD236}.Release|Any CPU.ActiveCfg = Release|Any CPU
		{80933622-8E9C-43BD-9F83-FD6C3DECD236}.Release|Any CPU.Build.0 = Release|Any CPU
		{3A5C6769-ADC6-430D-8505-8976FEE14576}.Debug|Any CPU.ActiveCfg = Debug|Any CPU
		{3A5C6769-ADC6-430D-8505-8976FEE14576}.Debug|Any CPU.Build.0 = Debug|Any CPU
		{3A5C6769-ADC6-430D-8505-8976FEE14576}.Release|Any CPU.ActiveCfg = Release|Any CPU
		{3A5C6769-ADC6-430D-8505-8976FEE14576}.Release|Any CPU.Build.0 = Release|Any CPU
	EndGlobalSection
	GlobalSection(SolutionProperties) = preSolution
		HideSolutionNode = FALSE
	EndGlobalSection
	GlobalSection(ExtensibilityGlobals) = postSolution
		SolutionGuid = {B1A74A70-251C-4911-99F3-2D142312DC8A}
	EndGlobalSection
EndGlobal
