
Microsoft Visual Studio Solution File, Format Version 12.00
# Visual Studio Version 16
VisualStudioVersion = 16.0.31025.194
MinimumVisualStudioVersion = 10.0.40219.1
Project("{FAE04EC0-301F-11D3-BF4B-00C04F79EFBC}") = "SCCinemaWeb", "SCCinemaWeb.csproj", "{6F458CB1-94E0-41DA-A1E4-2DA9690A18BC}"
EndProject
Global
	GlobalSection(SolutionConfigurationPlatforms) = preSolution
		Debug|Any CPU = Debug|Any CPU
		Release|Any CPU = Release|Any CPU
	EndGlobalSection
	GlobalSection(ProjectConfigurationPlatforms) = postSolution
		{6F458CB1-94E0-41DA-A1E4-2DA9690A18BC}.Debug|Any CPU.ActiveCfg = Debug|Any CPU
		{6F458CB1-94E0-41DA-A1E4-2DA9690A18BC}.Debug|Any CPU.Build.0 = Debug|Any CPU
		{6F458CB1-94E0-41DA-A1E4-2DA9690A18BC}.Release|Any CPU.ActiveCfg = Release|Any CPU
		{6F458CB1-94E0-41DA-A1E4-2DA9690A18BC}.Release|Any CPU.Build.0 = Release|Any CPU
	EndGlobalSection
	GlobalSection(SolutionProperties) = preSolution
		HideSolutionNode = FALSE
	EndGlobalSection
	GlobalSection(ExtensibilityGlobals) = postSolution
		SolutionGuid = {5DF36181-5DEB-4E9E-8A10-6A828C708672}
	EndGlobalSection
EndGlobal
